{
  "name": "workflow-layout-optimizer",
  "version": "1.0.0",
  "lockfileVersion": 3,
  "requires": true,
  "packages": {
    "": {
      "name": "workflow-layout-optimizer",
      "version": "1.0.0",
      "dependencies": {
        "@dagrejs/dagre": "^1.1.8"
      }
    },
    "node_modules/@dagrejs/dagre": {
      "version": "1.1.8",
      "resolved": "https://registry.npmjs.org/@dagrejs/dagre/-/dagre-1.1.8.tgz",
      "integrity": "sha512-5SEDlndt4W/LaVzPYJW+bSmSEZc9EzTf8rJ20WCKvjS5EAZAN0b+x0Yww7VMT4R3Wootkg+X9bUfUxazYw6Blw==",
      "license": "MIT",
      "dependencies": {
        "@dagrejs/graphlib": "2.2.4"
      }
    },
    "node_modules/@dagrejs/graphlib": {
      "version": "2.2.4",
      "resolved": "https://registry.npmjs.org/@dagrejs/graphlib/-/graphlib-2.2.4.tgz",
      "integrity": "sha512-mepCf/e9+SKYy1d02/UkvSy6+6MoyXhVxP8lLDfA7BPE1X1d4dR0sZznmbM8/XVJ1GPM+Svnx7Xj6ZweByWUkw==",
      "license": "MIT",
      "engines": {
        "node": ">17.0.0"
      }
    }
  }
}
